
Microsoft Visual Studio Solution File, Format Version 12.00
# Visual Studio 15
VisualStudioVersion = 15.0.27703.2042
MinimumVisualStudioVersion = 10.0.40219.1
Project("{FAE04EC0-301F-11D3-BF4B-00C04F79EFBC}") = "GerenciamentoFuncionarios", "GerenciamentoFuncionarios\GerenciamentoFuncionarios.csproj", "{5DB7A3BE-ACFA-42B9-9A8C-6A4631C9F0E1}"
EndProject
Global
	GlobalSection(SolutionConfigurationPlatforms) = preSolution
		Debug|Any CPU = Debug|Any CPU
		Release|Any CPU = Release|Any CPU
	EndGlobalSection
	GlobalSection(ProjectConfigurationPlatforms) = postSolution
		{5DB7A3BE-ACFA-42B9-9A8C-6A4631C9F0E1}.Debug|Any CPU.ActiveCfg = Debug|Any CPU
		{5DB7A3BE-ACFA-42B9-9A8C-6A4631C9F0E1}.Debug|Any CPU.Build.0 = Debug|Any CPU
		{5DB7A3BE-ACFA-42B9-9A8C-6A4631C9F0E1}.Release|Any CPU.ActiveCfg = Release|Any CPU
		{5DB7A3BE-ACFA-42B9-9A8C-6A4631C9F0E1}.Release|Any CPU.Build.0 = Release|Any CPU
	EndGlobalSection
	GlobalSection(SolutionProperties) = preSolution
		HideSolutionNode = FALSE
	EndGlobalSection
	GlobalSection(ExtensibilityGlobals) = postSolution
		SolutionGuid = {202C4F52-8930-4306-AF12-9890823D59F6}
	EndGlobalSection
EndGlobal
