
Microsoft Visual Studio Solution File, Format Version 12.00
# Visual Studio 15
VisualStudioVersion = 15.0.27703.2042
MinimumVisualStudioVersion = 10.0.40219.1
Project("{FAE04EC0-301F-11D3-BF4B-00C04F79EFBC}") = "ConsoleApp1", "ConsoleApp1\ConsoleApp1.csproj", "{A2DD7E1D-2F94-4BB4-AFF3-C8E93D650376}"
EndProject
Project("{FAE04EC0-301F-11D3-BF4B-00C04F79EFBC}") = "ExercicioCarro", "ExercicioCarro\ExercicioCarro.csproj", "{CC4CF002-7EB6-42C1-8AB9-5D6141D2EB63}"
EndProject
Global
	GlobalSection(SolutionConfigurationPlatforms) = preSolution
		Debug|Any CPU = Debug|Any CPU
		Release|Any CPU = Release|Any CPU
	EndGlobalSection
	GlobalSection(ProjectConfigurationPlatforms) = postSolution
		{A2DD7E1D-2F94-4BB4-AFF3-C8E93D650376}.Debug|Any CPU.ActiveCfg = Debug|Any CPU
		{A2DD7E1D-2F94-4BB4-AFF3-C8E93D650376}.Debug|Any CPU.Build.0 = Debug|Any CPU
		{A2DD7E1D-2F94-4BB4-AFF3-C8E93D650376}.Release|Any CPU.ActiveCfg = Release|Any CPU
		{A2DD7E1D-2F94-4BB4-AFF3-C8E93D650376}.Release|Any CPU.Build.0 = Release|Any CPU
		{CC4CF002-7EB6-42C1-8AB9-5D6141D2EB63}.Debug|Any CPU.ActiveCfg = Debug|Any CPU
		{CC4CF002-7EB6-42C1-8AB9-5D6141D2EB63}.Debug|Any CPU.Build.0 = Debug|Any CPU
		{CC4CF002-7EB6-42C1-8AB9-5D6141D2EB63}.Release|Any CPU.ActiveCfg = Release|Any CPU
		{CC4CF002-7EB6-42C1-8AB9-5D6141D2EB63}.Release|Any CPU.Build.0 = Release|Any CPU
	EndGlobalSection
	GlobalSection(SolutionProperties) = preSolution
		HideSolutionNode = FALSE
	EndGlobalSection
	GlobalSection(ExtensibilityGlobals) = postSolution
		SolutionGuid = {5DB27D54-E7B3-4EAF-ACC7-35550CD05E9B}
	EndGlobalSection
EndGlobal
