
Microsoft Visual Studio Solution File, Format Version 12.00
# Visual Studio 15
VisualStudioVersion = 15.0.27703.2042
MinimumVisualStudioVersion = 10.0.40219.1
Project("{FAE04EC0-301F-11D3-BF4B-00C04F79EFBC}") = "AulaLinq", "AulaLinq\AulaLinq.csproj", "{2790611C-88DC-4EB2-96A5-1CE454EAD317}"
EndProject
Project("{FAE04EC0-301F-11D3-BF4B-00C04F79EFBC}") = "ProjetoORM_EF", "ProjetoORM_EF\ProjetoORM_EF.csproj", "{C487CEDC-D1D3-4487-8FDA-D25B367032DD}"
EndProject
Global
	GlobalSection(SolutionConfigurationPlatforms) = preSolution
		Debug|Any CPU = Debug|Any CPU
		Release|Any CPU = Release|Any CPU
	EndGlobalSection
	GlobalSection(ProjectConfigurationPlatforms) = postSolution
		{2790611C-88DC-4EB2-96A5-1CE454EAD317}.Debug|Any CPU.ActiveCfg = Debug|Any CPU
		{2790611C-88DC-4EB2-96A5-1CE454EAD317}.Debug|Any CPU.Build.0 = Debug|Any CPU
		{2790611C-88DC-4EB2-96A5-1CE454EAD317}.Release|Any CPU.ActiveCfg = Release|Any CPU
		{2790611C-88DC-4EB2-96A5-1CE454EAD317}.Release|Any CPU.Build.0 = Release|Any CPU
		{C487CEDC-D1D3-4487-8FDA-D25B367032DD}.Debug|Any CPU.ActiveCfg = Debug|Any CPU
		{C487CEDC-D1D3-4487-8FDA-D25B367032DD}.Debug|Any CPU.Build.0 = Debug|Any CPU
		{C487CEDC-D1D3-4487-8FDA-D25B367032DD}.Release|Any CPU.ActiveCfg = Release|Any CPU
		{C487CEDC-D1D3-4487-8FDA-D25B367032DD}.Release|Any CPU.Build.0 = Release|Any CPU
	EndGlobalSection
	GlobalSection(SolutionProperties) = preSolution
		HideSolutionNode = FALSE
	EndGlobalSection
	GlobalSection(ExtensibilityGlobals) = postSolution
		SolutionGuid = {69899DBD-36BC-4CB9-A78B-7F1DE23C4BCE}
	EndGlobalSection
EndGlobal
