
Microsoft Visual Studio Solution File, Format Version 12.00
# Visual Studio 15
VisualStudioVersion = 15.0.28307.572
MinimumVisualStudioVersion = 10.0.40219.1
Project("{FAE04EC0-301F-11D3-BF4B-00C04F79EFBC}") = "JogoDaVelhaTeste", "JogoDaVelhaTeste\JogoDaVelhaTeste.csproj", "{C6B96324-DDF3-4787-A545-3EC71A689EBD}"
EndProject
Project("{FAE04EC0-301F-11D3-BF4B-00C04F79EFBC}") = "JogoDaVelhaWPF", "JogoDaVelhaWPF\JogoDaVelhaWPF.csproj", "{B6615098-3CAA-4F72-A59B-29800136679F}"
EndProject
Project("{9A19103F-16F7-4668-BE54-9A1E7A4F7556}") = "JogoDaVelhaLib", "JogoDaVelhaLib\JogoDaVelhaLib.csproj", "{73BD78CB-AB19-4ED0-A6B9-6459852C8F23}"
EndProject
Project("{FAE04EC0-301F-11D3-BF4B-00C04F79EFBC}") = "JogoDaVelhaWebAPI", "JogoDaVelhaWebAPI\JogoDaVelhaWebAPI.csproj", "{69226347-C81D-4A84-9765-389B5946F7E6}"
EndProject
Global
	GlobalSection(SolutionConfigurationPlatforms) = preSolution
		Debug|Any CPU = Debug|Any CPU
		Release|Any CPU = Release|Any CPU
	EndGlobalSection
	GlobalSection(ProjectConfigurationPlatforms) = postSolution
		{C6B96324-DDF3-4787-A545-3EC71A689EBD}.Debug|Any CPU.ActiveCfg = Debug|Any CPU
		{C6B96324-DDF3-4787-A545-3EC71A689EBD}.Debug|Any CPU.Build.0 = Debug|Any CPU
		{C6B96324-DDF3-4787-A545-3EC71A689EBD}.Release|Any CPU.ActiveCfg = Release|Any CPU
		{C6B96324-DDF3-4787-A545-3EC71A689EBD}.Release|Any CPU.Build.0 = Release|Any CPU
		{B6615098-3CAA-4F72-A59B-29800136679F}.Debug|Any CPU.ActiveCfg = Debug|Any CPU
		{B6615098-3CAA-4F72-A59B-29800136679F}.Debug|Any CPU.Build.0 = Debug|Any CPU
		{B6615098-3CAA-4F72-A59B-29800136679F}.Release|Any CPU.ActiveCfg = Release|Any CPU
		{B6615098-3CAA-4F72-A59B-29800136679F}.Release|Any CPU.Build.0 = Release|Any CPU
		{73BD78CB-AB19-4ED0-A6B9-6459852C8F23}.Debug|Any CPU.ActiveCfg = Debug|Any CPU
		{73BD78CB-AB19-4ED0-A6B9-6459852C8F23}.Debug|Any CPU.Build.0 = Debug|Any CPU
		{73BD78CB-AB19-4ED0-A6B9-6459852C8F23}.Release|Any CPU.ActiveCfg = Release|Any CPU
		{73BD78CB-AB19-4ED0-A6B9-6459852C8F23}.Release|Any CPU.Build.0 = Release|Any CPU
		{69226347-C81D-4A84-9765-389B5946F7E6}.Debug|Any CPU.ActiveCfg = Debug|Any CPU
		{69226347-C81D-4A84-9765-389B5946F7E6}.Debug|Any CPU.Build.0 = Debug|Any CPU
		{69226347-C81D-4A84-9765-389B5946F7E6}.Release|Any CPU.ActiveCfg = Release|Any CPU
		{69226347-C81D-4A84-9765-389B5946F7E6}.Release|Any CPU.Build.0 = Release|Any CPU
	EndGlobalSection
	GlobalSection(SolutionProperties) = preSolution
		HideSolutionNode = FALSE
	EndGlobalSection
	GlobalSection(ExtensibilityGlobals) = postSolution
		SolutionGuid = {3A5B1B1F-C4E4-44F0-B076-EDE1614D3A15}
	EndGlobalSection
EndGlobal
